
Microsoft Visual Studio Solution File, Format Version 12.00
# Visual Studio Version 16
VisualStudioVersion = 16.0.28606.126
MinimumVisualStudioVersion = 10.0.40219.1
Project("{9A19103F-16F7-4668-BE54-9A1E7A4F7556}") = "PXLCateringNotification", "PXLCateringNotification\PXLCateringNotification.csproj", "{56C282A2-C125-4608-9CF5-54C5C3E787F9}"
EndProject
Global
	GlobalSection(SolutionConfigurationPlatforms) = preSolution
		Debug|Any CPU = Debug|Any CPU
		Release|Any CPU = Release|Any CPU
	EndGlobalSection
	GlobalSection(ProjectConfigurationPlatforms) = postSolution
		{56C282A2-C125-4608-9CF5-54C5C3E787F9}.Debug|Any CPU.ActiveCfg = Debug|Any CPU
		{56C282A2-C125-4608-9CF5-54C5C3E787F9}.Debug|Any CPU.Build.0 = Debug|Any CPU
		{56C282A2-C125-4608-9CF5-54C5C3E787F9}.Release|Any CPU.ActiveCfg = Release|Any CPU
		{56C282A2-C125-4608-9CF5-54C5C3E787F9}.Release|Any CPU.Build.0 = Release|Any CPU
	EndGlobalSection
	GlobalSection(SolutionProperties) = preSolution
		HideSolutionNode = FALSE
	EndGlobalSection
	GlobalSection(ExtensibilityGlobals) = postSolution
		SolutionGuid = {80A83665-9DD5-47EB-9CFE-CC27FAEEF373}
	EndGlobalSection
EndGlobal
